
Microsoft Visual Studio Solution File, Format Version 12.00
# Visual Studio Version 17
VisualStudioVersion = 17.8.34511.84
MinimumVisualStudioVersion = 10.0.40219.1
Project("{8BC9CEB8-8B4A-11D0-8D11-00A0C91BC942}") = "umpm", "umpm.vcxproj", "{9C527C8C-6D89-4B47-BC58-C4A5A1AE3A45}"
EndProject
Project("{8BC9CEB8-8B4A-11D0-8D11-00A0C91BC942}") = "um", "um\um.vcxproj", "{70E21A30-091F-4155-A6FF-9D0ABCE352A3}"
EndProject
Project("{2150E333-8FDC-42A3-9474-1A3956D46DE8}") = "Solution Items", "Solution Items", "{92ECBBA4-C4B5-46CF-A10B-891DE9371E59}"
	ProjectSection(SolutionItems) = preProject
		shared.h = shared.h
	EndProjectSection
EndProject
Global
	GlobalSection(SolutionConfigurationPlatforms) = preSolution
		Debug|x64 = Debug|x64
		Release|x64 = Release|x64
	EndGlobalSection
	GlobalSection(ProjectConfigurationPlatforms) = postSolution
		{9C527C8C-6D89-4B47-BC58-C4A5A1AE3A45}.Debug|x64.ActiveCfg = Debug|x64
		{9C527C8C-6D89-4B47-BC58-C4A5A1AE3A45}.Debug|x64.Build.0 = Debug|x64
		{9C527C8C-6D89-4B47-BC58-C4A5A1AE3A45}.Debug|x64.Deploy.0 = Debug|x64
		{9C527C8C-6D89-4B47-BC58-C4A5A1AE3A45}.Release|x64.ActiveCfg = Release|x64
		{9C527C8C-6D89-4B47-BC58-C4A5A1AE3A45}.Release|x64.Build.0 = Release|x64
		{9C527C8C-6D89-4B47-BC58-C4A5A1AE3A45}.Release|x64.Deploy.0 = Release|x64
		{70E21A30-091F-4155-A6FF-9D0ABCE352A3}.Debug|x64.ActiveCfg = Debug|x64
		{70E21A30-091F-4155-A6FF-9D0ABCE352A3}.Debug|x64.Build.0 = Debug|x64
		{70E21A30-091F-4155-A6FF-9D0ABCE352A3}.Release|x64.ActiveCfg = Release|x64
		{70E21A30-091F-4155-A6FF-9D0ABCE352A3}.Release|x64.Build.0 = Release|x64
	EndGlobalSection
	GlobalSection(SolutionProperties) = preSolution
		HideSolutionNode = FALSE
	EndGlobalSection
	GlobalSection(ExtensibilityGlobals) = postSolution
		SolutionGuid = {A920AC17-997A-419A-88DE-819252F2414E}
	EndGlobalSection
EndGlobal
